
Microsoft Visual Studio Solution File, Format Version 12.00
# Visual Studio Version 16
VisualStudioVersion = 16.0.30225.117
MinimumVisualStudioVersion = 10.0.40219.1
Project("{9A19103F-16F7-4668-BE54-9A1E7A4F7556}") = "BloggingApplication", "BloggingApplication\BloggingApplication.csproj", "{C232589F-DA74-40B7-A19A-F0E6B707094C}"
EndProject
Project("{2150E333-8FDC-42A3-9474-1A3956D46DE8}") = "DataBase Structure", "DataBase Structure", "{FC9E50C8-2569-4CCD-A60E-9B66DCB5A604}"
	ProjectSection(SolutionItems) = preProject
		CreateDatabase.sql = CreateDatabase.sql
		CreateTable.sql = CreateTable.sql
		MasterData.sql = MasterData.sql
	EndProjectSection
EndProject
Global
	GlobalSection(SolutionConfigurationPlatforms) = preSolution
		Debug|Any CPU = Debug|Any CPU
		Release|Any CPU = Release|Any CPU
	EndGlobalSection
	GlobalSection(ProjectConfigurationPlatforms) = postSolution
		{C232589F-DA74-40B7-A19A-F0E6B707094C}.Debug|Any CPU.ActiveCfg = Debug|Any CPU
		{C232589F-DA74-40B7-A19A-F0E6B707094C}.Debug|Any CPU.Build.0 = Debug|Any CPU
		{C232589F-DA74-40B7-A19A-F0E6B707094C}.Release|Any CPU.ActiveCfg = Release|Any CPU
		{C232589F-DA74-40B7-A19A-F0E6B707094C}.Release|Any CPU.Build.0 = Release|Any CPU
	EndGlobalSection
	GlobalSection(SolutionProperties) = preSolution
		HideSolutionNode = FALSE
	EndGlobalSection
	GlobalSection(ExtensibilityGlobals) = postSolution
		SolutionGuid = {118A47FA-2E30-4C5C-9F99-39A8E05FB73D}
	EndGlobalSection
EndGlobal
